
Microsoft Visual Studio Solution File, Format Version 12.00
# Visual Studio Version 17
VisualStudioVersion = 17.4.33403.182
MinimumVisualStudioVersion = 10.0.40219.1
Project("{FAE04EC0-301F-11D3-BF4B-00C04F79EFBC}") = "ListOpdracht", "ListOpdracht\ListOpdracht.csproj", "{DA637A3C-3964-4872-8FE2-D34772C46E73}"
EndProject
Global
	GlobalSection(SolutionConfigurationPlatforms) = preSolution
		Debug|Any CPU = Debug|Any CPU
		Release|Any CPU = Release|Any CPU
	EndGlobalSection
	GlobalSection(ProjectConfigurationPlatforms) = postSolution
		{DA637A3C-3964-4872-8FE2-D34772C46E73}.Debug|Any CPU.ActiveCfg = Debug|Any CPU
		{DA637A3C-3964-4872-8FE2-D34772C46E73}.Debug|Any CPU.Build.0 = Debug|Any CPU
		{DA637A3C-3964-4872-8FE2-D34772C46E73}.Release|Any CPU.ActiveCfg = Release|Any CPU
		{DA637A3C-3964-4872-8FE2-D34772C46E73}.Release|Any CPU.Build.0 = Release|Any CPU
	EndGlobalSection
	GlobalSection(SolutionProperties) = preSolution
		HideSolutionNode = FALSE
	EndGlobalSection
	GlobalSection(ExtensibilityGlobals) = postSolution
		SolutionGuid = {A5680289-9FFE-4581-AA54-23230968E9B1}
	EndGlobalSection
EndGlobal
