
Microsoft Visual Studio Solution File, Format Version 12.00
# Visual Studio Version 17
VisualStudioVersion = 17.4.33403.182
MinimumVisualStudioVersion = 10.0.40219.1
Project("{FAE04EC0-301F-11D3-BF4B-00C04F79EFBC}") = "FileIOOpdracht", "FileIOOpdracht\FileIOOpdracht.csproj", "{B9E1C94A-8399-4A24-9CAA-33CBB1226C1A}"
EndProject
Global
	GlobalSection(SolutionConfigurationPlatforms) = preSolution
		Debug|Any CPU = Debug|Any CPU
		Release|Any CPU = Release|Any CPU
	EndGlobalSection
	GlobalSection(ProjectConfigurationPlatforms) = postSolution
		{B9E1C94A-8399-4A24-9CAA-33CBB1226C1A}.Debug|Any CPU.ActiveCfg = Debug|Any CPU
		{B9E1C94A-8399-4A24-9CAA-33CBB1226C1A}.Debug|Any CPU.Build.0 = Debug|Any CPU
		{B9E1C94A-8399-4A24-9CAA-33CBB1226C1A}.Release|Any CPU.ActiveCfg = Release|Any CPU
		{B9E1C94A-8399-4A24-9CAA-33CBB1226C1A}.Release|Any CPU.Build.0 = Release|Any CPU
	EndGlobalSection
	GlobalSection(SolutionProperties) = preSolution
		HideSolutionNode = FALSE
	EndGlobalSection
	GlobalSection(ExtensibilityGlobals) = postSolution
		SolutionGuid = {A22202CF-3008-49DE-A0F1-7A9AB8CF666E}
	EndGlobalSection
EndGlobal
